
Microsoft Visual Studio Solution File, Format Version 12.00
# Visual Studio 15
VisualStudioVersion = 15.0.27130.2036
MinimumVisualStudioVersion = 10.0.40219.1
Project("{9A19103F-16F7-4668-BE54-9A1E7A4F7556}") = "UmbracoIdentityServer.Part2.IdSrv", "UmbracoIdentityServer.Part2.IdSrv\UmbracoIdentityServer.Part2.IdSrv.csproj", "{98329853-58A7-46F6-843A-C7435E1D4E13}"
EndProject
Project("{FAE04EC0-301F-11D3-BF4B-00C04F79EFBC}") = "UmbracoIdentityServer.Part2.Client", "UmbracoIdentityServer.Part2.Client\UmbracoIdentityServer.Part2.Client.csproj", "{E8D5C527-0A24-414A-AFE5-270EC35AC63D}"
EndProject
Global
	GlobalSection(SolutionConfigurationPlatforms) = preSolution
		Debug|Any CPU = Debug|Any CPU
		Release|Any CPU = Release|Any CPU
	EndGlobalSection
	GlobalSection(ProjectConfigurationPlatforms) = postSolution
		{98329853-58A7-46F6-843A-C7435E1D4E13}.Debug|Any CPU.ActiveCfg = Debug|Any CPU
		{98329853-58A7-46F6-843A-C7435E1D4E13}.Debug|Any CPU.Build.0 = Debug|Any CPU
		{98329853-58A7-46F6-843A-C7435E1D4E13}.Release|Any CPU.ActiveCfg = Release|Any CPU
		{98329853-58A7-46F6-843A-C7435E1D4E13}.Release|Any CPU.Build.0 = Release|Any CPU
		{E8D5C527-0A24-414A-AFE5-270EC35AC63D}.Debug|Any CPU.ActiveCfg = Debug|Any CPU
		{E8D5C527-0A24-414A-AFE5-270EC35AC63D}.Debug|Any CPU.Build.0 = Debug|Any CPU
		{E8D5C527-0A24-414A-AFE5-270EC35AC63D}.Release|Any CPU.ActiveCfg = Release|Any CPU
		{E8D5C527-0A24-414A-AFE5-270EC35AC63D}.Release|Any CPU.Build.0 = Release|Any CPU
	EndGlobalSection
	GlobalSection(SolutionProperties) = preSolution
		HideSolutionNode = FALSE
	EndGlobalSection
	GlobalSection(ExtensibilityGlobals) = postSolution
		SolutionGuid = {46BA101F-CDC2-4338-A68B-4F35183229A4}
	EndGlobalSection
EndGlobal
